
Microsoft Visual Studio Solution File, Format Version 12.00
# Visual Studio 2012
Project("{FAE04EC0-301F-11D3-BF4B-00C04F79EFBC}") = "HelloCloud", "HelloCloud\HelloCloud.csproj", "{FD4CD3BF-284D-443F-AFF0-ED6A4E4B70F6}"
EndProject
Global
	GlobalSection(SolutionConfigurationPlatforms) = preSolution
		Debug|Any CPU = Debug|Any CPU
		Release|Any CPU = Release|Any CPU
	EndGlobalSection
	GlobalSection(ProjectConfigurationPlatforms) = postSolution
		{FD4CD3BF-284D-443F-AFF0-ED6A4E4B70F6}.Debug|Any CPU.ActiveCfg = Debug|Any CPU
		{FD4CD3BF-284D-443F-AFF0-ED6A4E4B70F6}.Debug|Any CPU.Build.0 = Debug|Any CPU
		{FD4CD3BF-284D-443F-AFF0-ED6A4E4B70F6}.Release|Any CPU.ActiveCfg = Release|Any CPU
		{FD4CD3BF-284D-443F-AFF0-ED6A4E4B70F6}.Release|Any CPU.Build.0 = Release|Any CPU
	EndGlobalSection
EndGlobal
